
Microsoft Visual Studio Solution File, Format Version 12.00
# Visual Studio Version 16
VisualStudioVersion = 16.0.31005.135
MinimumVisualStudioVersion = 10.0.40219.1
Project("{9A19103F-16F7-4668-BE54-9A1E7A4F7556}") = "ProductMobile", "ProductMobile.csproj", "{5AF4DE00-B809-4624-A066-AAB81DC56013}"
EndProject
Project("{FAE04EC0-301F-11D3-BF4B-00C04F79EFBC}") = "Migration.Startup", "..\Migration.Startup\Migration.Startup.csproj", "{AA4B280E-F2D8-4CA1-A988-08B0C731D77F}"
EndProject
Project("{FAE04EC0-301F-11D3-BF4B-00C04F79EFBC}") = "MobileApplication.Android", "..\MobileApplication\MobileApplication.Android\MobileApplication.Android.csproj", "{01B14BF9-25D6-46E3-A2B2-09E4E826DDB2}"
EndProject
Project("{FAE04EC0-301F-11D3-BF4B-00C04F79EFBC}") = "MobileApplication.iOS", "..\MobileApplication\MobileApplication.iOS\MobileApplication.iOS.csproj", "{F676A8A4-9F18-42E7-9AA1-E560C5C92BF2}"
EndProject
Project("{FAE04EC0-301F-11D3-BF4B-00C04F79EFBC}") = "MobileApplication", "..\MobileApplication\MobileApplication\MobileApplication.csproj", "{4A219759-0DF3-45DB-A268-282FB82EEE96}"
EndProject
Global
	GlobalSection(SolutionConfigurationPlatforms) = preSolution
		Debug|Any CPU = Debug|Any CPU
		Debug|iPhone = Debug|iPhone
		Debug|iPhoneSimulator = Debug|iPhoneSimulator
		Release|Any CPU = Release|Any CPU
		Release|iPhone = Release|iPhone
		Release|iPhoneSimulator = Release|iPhoneSimulator
	EndGlobalSection
	GlobalSection(ProjectConfigurationPlatforms) = postSolution
		{5AF4DE00-B809-4624-A066-AAB81DC56013}.Debug|Any CPU.ActiveCfg = Debug|Any CPU
		{5AF4DE00-B809-4624-A066-AAB81DC56013}.Debug|Any CPU.Build.0 = Debug|Any CPU
		{5AF4DE00-B809-4624-A066-AAB81DC56013}.Debug|iPhone.ActiveCfg = Debug|Any CPU
		{5AF4DE00-B809-4624-A066-AAB81DC56013}.Debug|iPhone.Build.0 = Debug|Any CPU
		{5AF4DE00-B809-4624-A066-AAB81DC56013}.Debug|iPhoneSimulator.ActiveCfg = Debug|Any CPU
		{5AF4DE00-B809-4624-A066-AAB81DC56013}.Debug|iPhoneSimulator.Build.0 = Debug|Any CPU
		{5AF4DE00-B809-4624-A066-AAB81DC56013}.Release|Any CPU.ActiveCfg = Release|Any CPU
		{5AF4DE00-B809-4624-A066-AAB81DC56013}.Release|Any CPU.Build.0 = Release|Any CPU
		{5AF4DE00-B809-4624-A066-AAB81DC56013}.Release|iPhone.ActiveCfg = Release|Any CPU
		{5AF4DE00-B809-4624-A066-AAB81DC56013}.Release|iPhone.Build.0 = Release|Any CPU
		{5AF4DE00-B809-4624-A066-AAB81DC56013}.Release|iPhoneSimulator.ActiveCfg = Release|Any CPU
		{5AF4DE00-B809-4624-A066-AAB81DC56013}.Release|iPhoneSimulator.Build.0 = Release|Any CPU
		{AA4B280E-F2D8-4CA1-A988-08B0C731D77F}.Debug|Any CPU.ActiveCfg = Debug|Any CPU
		{AA4B280E-F2D8-4CA1-A988-08B0C731D77F}.Debug|Any CPU.Build.0 = Debug|Any CPU
		{AA4B280E-F2D8-4CA1-A988-08B0C731D77F}.Debug|iPhone.ActiveCfg = Debug|Any CPU
		{AA4B280E-F2D8-4CA1-A988-08B0C731D77F}.Debug|iPhoneSimulator.ActiveCfg = Debug|Any CPU
		{AA4B280E-F2D8-4CA1-A988-08B0C731D77F}.Release|Any CPU.ActiveCfg = Release|Any CPU
		{AA4B280E-F2D8-4CA1-A988-08B0C731D77F}.Release|Any CPU.Build.0 = Release|Any CPU
		{AA4B280E-F2D8-4CA1-A988-08B0C731D77F}.Release|iPhone.ActiveCfg = Release|Any CPU
		{AA4B280E-F2D8-4CA1-A988-08B0C731D77F}.Release|iPhoneSimulator.ActiveCfg = Release|Any CPU
		{01B14BF9-25D6-46E3-A2B2-09E4E826DDB2}.Debug|Any CPU.ActiveCfg = Debug|Any CPU
		{01B14BF9-25D6-46E3-A2B2-09E4E826DDB2}.Debug|Any CPU.Build.0 = Debug|Any CPU
		{01B14BF9-25D6-46E3-A2B2-09E4E826DDB2}.Debug|Any CPU.Deploy.0 = Debug|Any CPU
		{01B14BF9-25D6-46E3-A2B2-09E4E826DDB2}.Debug|iPhone.ActiveCfg = Debug|Any CPU
		{01B14BF9-25D6-46E3-A2B2-09E4E826DDB2}.Debug|iPhone.Build.0 = Debug|Any CPU
		{01B14BF9-25D6-46E3-A2B2-09E4E826DDB2}.Debug|iPhone.Deploy.0 = Debug|Any CPU
		{01B14BF9-25D6-46E3-A2B2-09E4E826DDB2}.Debug|iPhoneSimulator.ActiveCfg = Debug|Any CPU
		{01B14BF9-25D6-46E3-A2B2-09E4E826DDB2}.Debug|iPhoneSimulator.Build.0 = Debug|Any CPU
		{01B14BF9-25D6-46E3-A2B2-09E4E826DDB2}.Debug|iPhoneSimulator.Deploy.0 = Debug|Any CPU
		{01B14BF9-25D6-46E3-A2B2-09E4E826DDB2}.Release|Any CPU.ActiveCfg = Release|Any CPU
		{01B14BF9-25D6-46E3-A2B2-09E4E826DDB2}.Release|Any CPU.Build.0 = Release|Any CPU
		{01B14BF9-25D6-46E3-A2B2-09E4E826DDB2}.Release|Any CPU.Deploy.0 = Release|Any CPU
		{01B14BF9-25D6-46E3-A2B2-09E4E826DDB2}.Release|iPhone.ActiveCfg = Release|Any CPU
		{01B14BF9-25D6-46E3-A2B2-09E4E826DDB2}.Release|iPhone.Build.0 = Release|Any CPU
		{01B14BF9-25D6-46E3-A2B2-09E4E826DDB2}.Release|iPhone.Deploy.0 = Release|Any CPU
		{01B14BF9-25D6-46E3-A2B2-09E4E826DDB2}.Release|iPhoneSimulator.ActiveCfg = Release|Any CPU
		{01B14BF9-25D6-46E3-A2B2-09E4E826DDB2}.Release|iPhoneSimulator.Build.0 = Release|Any CPU
		{01B14BF9-25D6-46E3-A2B2-09E4E826DDB2}.Release|iPhoneSimulator.Deploy.0 = Release|Any CPU
		{F676A8A4-9F18-42E7-9AA1-E560C5C92BF2}.Debug|Any CPU.ActiveCfg = Debug|iPhoneSimulator
		{F676A8A4-9F18-42E7-9AA1-E560C5C92BF2}.Debug|iPhone.ActiveCfg = Debug|iPhone
		{F676A8A4-9F18-42E7-9AA1-E560C5C92BF2}.Debug|iPhone.Build.0 = Debug|iPhone
		{F676A8A4-9F18-42E7-9AA1-E560C5C92BF2}.Debug|iPhoneSimulator.ActiveCfg = Debug|iPhoneSimulator
		{F676A8A4-9F18-42E7-9AA1-E560C5C92BF2}.Debug|iPhoneSimulator.Build.0 = Debug|iPhoneSimulator
		{F676A8A4-9F18-42E7-9AA1-E560C5C92BF2}.Release|Any CPU.ActiveCfg = Release|iPhoneSimulator
		{F676A8A4-9F18-42E7-9AA1-E560C5C92BF2}.Release|iPhone.ActiveCfg = Release|iPhone
		{F676A8A4-9F18-42E7-9AA1-E560C5C92BF2}.Release|iPhone.Build.0 = Release|iPhone
		{F676A8A4-9F18-42E7-9AA1-E560C5C92BF2}.Release|iPhoneSimulator.ActiveCfg = Release|iPhoneSimulator
		{F676A8A4-9F18-42E7-9AA1-E560C5C92BF2}.Release|iPhoneSimulator.Build.0 = Release|iPhoneSimulator
		{4A219759-0DF3-45DB-A268-282FB82EEE96}.Debug|Any CPU.ActiveCfg = Debug|Any CPU
		{4A219759-0DF3-45DB-A268-282FB82EEE96}.Debug|Any CPU.Build.0 = Debug|Any CPU
		{4A219759-0DF3-45DB-A268-282FB82EEE96}.Debug|iPhone.ActiveCfg = Debug|Any CPU
		{4A219759-0DF3-45DB-A268-282FB82EEE96}.Debug|iPhone.Build.0 = Debug|Any CPU
		{4A219759-0DF3-45DB-A268-282FB82EEE96}.Debug|iPhoneSimulator.ActiveCfg = Debug|Any CPU
		{4A219759-0DF3-45DB-A268-282FB82EEE96}.Debug|iPhoneSimulator.Build.0 = Debug|Any CPU
		{4A219759-0DF3-45DB-A268-282FB82EEE96}.Release|Any CPU.ActiveCfg = Release|Any CPU
		{4A219759-0DF3-45DB-A268-282FB82EEE96}.Release|Any CPU.Build.0 = Release|Any CPU
		{4A219759-0DF3-45DB-A268-282FB82EEE96}.Release|iPhone.ActiveCfg = Release|Any CPU
		{4A219759-0DF3-45DB-A268-282FB82EEE96}.Release|iPhone.Build.0 = Release|Any CPU
		{4A219759-0DF3-45DB-A268-282FB82EEE96}.Release|iPhoneSimulator.ActiveCfg = Release|Any CPU
		{4A219759-0DF3-45DB-A268-282FB82EEE96}.Release|iPhoneSimulator.Build.0 = Release|Any CPU
	EndGlobalSection
	GlobalSection(SolutionProperties) = preSolution
		HideSolutionNode = FALSE
	EndGlobalSection
	GlobalSection(ExtensibilityGlobals) = postSolution
		SolutionGuid = {95424013-0314-4F0E-9178-AA696096430A}
	EndGlobalSection
EndGlobal
